
Microsoft Visual Studio Solution File, Format Version 12.00
# Visual Studio Version 16
VisualStudioVersion = 16.0.31129.286
MinimumVisualStudioVersion = 10.0.40219.1
Project("{9A19103F-16F7-4668-BE54-9A1E7A4F7556}") = "video-editing-api", "video-editing-api\video-editing-api.csproj", "{33F7409F-AF64-4D9A-A24E-62447AF53F67}"
EndProject
Project("{E53339B2-1760-4266-BCC7-CA923CBCF16C}") = "docker-compose", "docker-compose.dcproj", "{D071DDED-3E07-47DE-9648-7E419EDCB37B}"
EndProject
Global
	GlobalSection(SolutionConfigurationPlatforms) = preSolution
		Debug|Any CPU = Debug|Any CPU
		Release|Any CPU = Release|Any CPU
	EndGlobalSection
	GlobalSection(ProjectConfigurationPlatforms) = postSolution
		{33F7409F-AF64-4D9A-A24E-62447AF53F67}.Debug|Any CPU.ActiveCfg = Debug|Any CPU
		{33F7409F-AF64-4D9A-A24E-62447AF53F67}.Debug|Any CPU.Build.0 = Debug|Any CPU
		{33F7409F-AF64-4D9A-A24E-62447AF53F67}.Release|Any CPU.ActiveCfg = Release|Any CPU
		{33F7409F-AF64-4D9A-A24E-62447AF53F67}.Release|Any CPU.Build.0 = Release|Any CPU
		{D071DDED-3E07-47DE-9648-7E419EDCB37B}.Debug|Any CPU.ActiveCfg = Debug|Any CPU
		{D071DDED-3E07-47DE-9648-7E419EDCB37B}.Debug|Any CPU.Build.0 = Debug|Any CPU
		{D071DDED-3E07-47DE-9648-7E419EDCB37B}.Release|Any CPU.ActiveCfg = Release|Any CPU
		{D071DDED-3E07-47DE-9648-7E419EDCB37B}.Release|Any CPU.Build.0 = Release|Any CPU
	EndGlobalSection
	GlobalSection(SolutionProperties) = preSolution
		HideSolutionNode = FALSE
	EndGlobalSection
	GlobalSection(ExtensibilityGlobals) = postSolution
		SolutionGuid = {0E635BC7-4FE7-41B7-BE12-C61AE409BCC4}
	EndGlobalSection
EndGlobal
